{
  "version": 4,
  "terraform_version": "1.1.0",
  "serial": 96,
  "lineage": "5dcc055b-6aec-e009-239e-5f9942c8e9eb",
  "outputs": {
    "back_server_ip": {
      "value": "10.0.101.194",
      "type": "string"
    }
  },
  "resources": [
    {
      "mode": "managed",
      "type": "aws_instance",
      "name": "back_server",
      "provider": "provider[\"registry.terraform.io/hashicorp/aws\"]",
      "instances": [
        {
          "schema_version": 1,
          "attributes": {
            "ami": "ami-0dba2cb6798deb6d8",
            "arn": "arn:aws:ec2:us-east-1:541026056130:instance/i-0bb41db48466361bb",
            "associate_public_ip_address": true,
            "availability_zone": "us-east-1a",
            "cpu_core_count": 2,
            "cpu_threads_per_core": 1,
            "credit_specification": [
              {
                "cpu_credits": "standard"
              }
            ],
            "disable_api_termination": false,
            "ebs_block_device": [],
            "ebs_optimized": false,
            "enclave_options": [
              {
                "enabled": false
              }
            ],
            "ephemeral_block_device": [],
            "get_password_data": false,
            "hibernation": false,
            "host_id": null,
            "iam_instance_profile": "",
            "id": "i-0bb41db48466361bb",
            "instance_initiated_shutdown_behavior": null,
            "instance_state": "running",
            "instance_type": "t2.medium",
            "ipv6_address_count": 1,
            "ipv6_addresses": [
              "2600:1f18:1b20:c200:ceff:549f:4e6a:de45"
            ],
            "key_name": "publiCiencias",
            "metadata_options": [
              {
                "http_endpoint": "enabled",
                "http_put_response_hop_limit": 1,
                "http_tokens": "optional"
              }
            ],
            "monitoring": false,
            "network_interface": [],
            "outpost_arn": "",
            "password_data": "",
            "placement_group": "",
            "primary_network_interface_id": "eni-0235551e01fafd124",
            "private_dns": "ip-10-0-101-194.ec2.internal",
            "private_ip": "10.0.101.194",
            "public_dns": "ec2-54-226-170-45.compute-1.amazonaws.com",
            "public_ip": "54.226.170.45",
            "root_block_device": [
              {
                "delete_on_termination": true,
                "device_name": "/dev/sda1",
                "encrypted": false,
                "iops": 100,
                "kms_key_id": "",
                "tags": {},
                "throughput": 0,
                "volume_id": "vol-0e0e42e9f486a6a35",
                "volume_size": 8,
                "volume_type": "gp2"
              }
            ],
            "secondary_private_ips": [],
            "security_groups": [],
            "source_dest_check": true,
            "subnet_id": "subnet-0470f05648c9be140",
            "tags": {
              "Name": "Back Server"
            },
            "tenancy": "default",
            "timeouts": null,
            "user_data": null,
            "user_data_base64": null,
            "volume_tags": null,
            "vpc_security_group_ids": [
              "sg-04fb40e4bb7dba800"
            ]
          },
          "sensitive_attributes": [],
          "private": "eyJlMmJmYjczMC1lY2FhLTExZTYtOGY4OC0zNDM2M2JjN2M0YzAiOnsiY3JlYXRlIjo2MDAwMDAwMDAwMDAsImRlbGV0ZSI6MTIwMDAwMDAwMDAwMCwidXBkYXRlIjo2MDAwMDAwMDAwMDB9LCJzY2hlbWFfdmVyc2lvbiI6IjEifQ==",
          "dependencies": [
            "module.vpc.aws_subnet.public",
            "module.vpc.aws_vpc.this",
            "module.vpc.aws_vpc_ipv4_cidr_block_association.this",
            "aws_security_group.sg_back_server"
          ]
        }
      ]
    },
    {
      "mode": "managed",
      "type": "aws_key_pair",
      "name": "key_pair",
      "provider": "provider[\"registry.terraform.io/hashicorp/aws\"]",
      "instances": [
        {
          "schema_version": 1,
          "attributes": {
            "arn": "arn:aws:ec2:us-east-1:541026056130:key-pair/publiCiencias",
            "fingerprint": "4b:cb:29:fa:96:75:fb:3e:f7:6e:ee:02:a8:c8:84:fb",
            "id": "publiCiencias",
            "key_name": "publiCiencias",
            "key_name_prefix": null,
            "key_pair_id": "key-0e7cc9d8da36bffb1",
            "public_key": "ssh-rsa AAAAB3NzaC1yc2EAAAADAQABAAACAQDW7gViDj3D4omzCrw3PVyIXc6EZPt2bfqXFb5t6MPmYbY8R9SYhDkwzSrZv0GstZ5G/hEl1KnXFfo3AfCtLycHSvMoqxFukJmoJW9g4IUaHOzagF6ZEBHPEqmUE4ILn1LXO5CYNFkerBZUVn7ABxkVC2F1vy/LlPp21H4Cg7dVs5qsLteEerSqOFoHXzSEn0RHCl+WXa72kXq1j3W513FNkEYkiQjvXqhYzRINHkG3fsOJJP+3jAJCmQ8WlyQqznLd6sthpv4tUhD8SgA6rzk3af1M7LG1BgKLgqJbplqNTLoDl6/UMZPJfz5OR+z3cCqwv2/nquUZswyH0IqlDjqb2tPTVYoLkUofXeBNZDh6uXsUonj26f7HwlPcgIR1zvqTMu2W/br7yn+W3mHRmOJ7LtayixACHfquG3LABWPlwxhI2b7EUdXY1536WcLiJDD9ypBdW/KoChCrVOwmQk21C3GOOtw/Rge2CZbNvEdu5xi20WC4nC5RK0orfgHshVtxW2MjEZ6T0gJSMRMnPCYHBjvITgUOxHpnvxA9uDBe0XZ6HfGp5bbFJ/C93EIAaRWKZ0NuhVGxmSr3srfxYOiN/l5hK+jTozEmOl9kPQT7dX1XVnICkHO/YTaCAZsk7CEOkPWeTGN0S5m2olchjY/Ddtco6KGxVqZG2hnYR8ThYQ==",
            "tags": {}
          },
          "sensitive_attributes": [],
          "private": "eyJzY2hlbWFfdmVyc2lvbiI6IjEifQ==",
          "dependencies": [
            "tls_private_key.private_key"
          ]
        }
      ]
    },
    {
      "mode": "managed",
      "type": "aws_security_group",
      "name": "sg_back_server",
      "provider": "provider[\"registry.terraform.io/hashicorp/aws\"]",
      "instances": [
        {
          "schema_version": 1,
          "attributes": {
            "arn": "arn:aws:ec2:us-east-1:541026056130:security-group/sg-04fb40e4bb7dba800",
            "description": "Allow http and https inbound traffic",
            "egress": [
              {
                "cidr_blocks": [
                  "0.0.0.0/0"
                ],
                "description": "",
                "from_port": 0,
                "ipv6_cidr_blocks": [],
                "prefix_list_ids": [],
                "protocol": "-1",
                "security_groups": [],
                "self": false,
                "to_port": 0
              },
              {
                "cidr_blocks": [],
                "description": "",
                "from_port": 0,
                "ipv6_cidr_blocks": [
                  "::/0"
                ],
                "prefix_list_ids": [],
                "protocol": "-1",
                "security_groups": [],
                "self": false,
                "to_port": 0
              }
            ],
            "id": "sg-04fb40e4bb7dba800",
            "ingress": [
              {
                "cidr_blocks": [
                  "0.0.0.0/0"
                ],
                "description": "allow HTTP",
                "from_port": 5000,
                "ipv6_cidr_blocks": [],
                "prefix_list_ids": [],
                "protocol": "tcp",
                "security_groups": [],
                "self": false,
                "to_port": 5000
              },
              {
                "cidr_blocks": [
                  "0.0.0.0/0"
                ],
                "description": "allow HTTP",
                "from_port": 80,
                "ipv6_cidr_blocks": [],
                "prefix_list_ids": [],
                "protocol": "tcp",
                "security_groups": [],
                "self": false,
                "to_port": 80
              },
              {
                "cidr_blocks": [
                  "0.0.0.0/0"
                ],
                "description": "allow SSH",
                "from_port": 22,
                "ipv6_cidr_blocks": [],
                "prefix_list_ids": [],
                "protocol": "tcp",
                "security_groups": [],
                "self": false,
                "to_port": 22
              },
              {
                "cidr_blocks": [],
                "description": "allow HTTP from ipv6",
                "from_port": 80,
                "ipv6_cidr_blocks": [
                  "::/0"
                ],
                "prefix_list_ids": [],
                "protocol": "tcp",
                "security_groups": [],
                "self": false,
                "to_port": 80
              }
            ],
            "name": "back server sg",
            "name_prefix": "",
            "owner_id": "541026056130",
            "revoke_rules_on_delete": false,
            "tags": {},
            "timeouts": null,
            "vpc_id": "vpc-06bf7c29b641ccf16"
          },
          "sensitive_attributes": [],
          "private": "eyJlMmJmYjczMC1lY2FhLTExZTYtOGY4OC0zNDM2M2JjN2M0YzAiOnsiY3JlYXRlIjo2MDAwMDAwMDAwMDAsImRlbGV0ZSI6NjAwMDAwMDAwMDAwfSwic2NoZW1hX3ZlcnNpb24iOiIxIn0=",
          "dependencies": [
            "module.vpc.aws_vpc.this"
          ]
        }
      ]
    },
    {
      "mode": "managed",
      "type": "local_file",
      "name": "saveKey",
      "provider": "provider[\"registry.terraform.io/hashicorp/local\"]",
      "instances": [
        {
          "schema_version": 0,
          "attributes": {
            "content": "-----BEGIN RSA PRIVATE KEY-----\nMIIJJQIBAAKCAgEA1u4FYg49w+KJswq8Nz1ciF3OhGT7dm36lxW+bejD5mG2PEfU\nmIQ5MM0q2b9BrLWeRv4RJdSp1xX6NwHwrS8nB0rzKKsRbpCZqCVvYOCFGhzs2oBe\nmRARzxKplBOCC59S1zuQmDRZHqwWVFZ+wAcZFQthdb8vy5T6dtR+AoO3VbOarC7X\nhHq0qjhaB180hJ9ERwpfll2u9pF6tY91uddxTZBGJIkI716oWM0SDR5Bt37DiST/\nt4wCQpkPFpckKs5y3erLYab+LVIQ/EoAOq85N2n9TOyxtQYCi4KiW6ZajUy6A5ev\n1DGTyX8+Tkfs93AqsL9v56rlGbMMh9CKpQ46m9rT01WKC5FKH13gTWQ4erl7FKJ4\n9un+x8JT3ICEdc76kzLtlv26+8p/lt5h0Zjiey7WsosQAh36rhtywAVj5cMYSNm+\nxFHV2Ned+lnC4iQw/cqQXVvyqAoQq1TsJkJNtQtxjjrcP0YHtgmWzbxHbucYttFg\nuJwuUStKK34B7IVbcVtjIxGek9ICUjETJzwmBwY7yE4FDsR6Z78QPbgwXtF2eh3x\nqeW2xSfwvdxCAGkVimdDboVRsZkq97K38WDojf5eYSvo06MxJjpfZD0E+3V9V1Zy\nApBzv2E2ggGbJOwhDpD1nkxjdEuZtqJXIY2Pw3bXKOihsVamRtoZ2EfE4WECAwEA\nAQKCAgBCdnQ/sDu1WVZPgWBWjKkSmj+EfV2tb7DwC49JmZMKqOibl3LMfwbYanl3\nwEbky3zYYzSWSD8E/gzT+cudIlmlTa4Hw26ujBSYBIt+n69JNeygXNXj6y42pIS/\n/5BVW71YRVkfWAC/FWQKTH0BkLBW66AFs0tqXvVczbTxvh1xaQrJd+q5UuCPSsG8\nSdqJsF6CwVhxvSKfqLkTb/ttroug+p5WKfITY2gXncKZP+P+hDqfLEvPTIJeacpa\np/5NJm4q5bJizisHhLsv6QpNG2ZMFoB3yzHg0qzyy0C9qqGR1EopVjzPF02mH6z6\ntA85LPxmj6xhLV2PJukXDovxIodInXPBWVHMP4cBNzveGaAWWfbY5TZ0kAj2yg53\nv7P0PLzlPwF0WqdqQM6Cx6RBGc6t++QJtaEb9XSRaAPcPca3y1mLSByyik8aowUb\nKrDdZSgQkG+8ayfkB/Aywe1hlPS0Y6GAZd+CueVJUPtAmPp0949rwFlsdbuViGuX\nolGmJH9x4lGkmmamtWGDSLm9mxtN8m03vwGbgOaTQbPdQkoumRbgL8DxnNSVNPWd\nBnyhcvbaoKnEiGxneRNAFn5P+pr+Q4cSziDOJ/PcUb0zJv1V4G4wrapcw+17u4YV\nA7VrBdmwaWMYZxIWXrjN5YkrhIxms4kfb8MjsC2zJLPa77MY4QKCAQEA3DLTPJb9\nFPuzvEE+qu4FUGyY6pajB3JV6veYTyof9BZ5+wIPmcVvcLkDs1nN7+yBXDQqOleR\nZ4R0fj6TLaJDWBl1ZZaMrsIehs69+f9BQCm4O/8aIl/YAd4D7nUlPE7PQcMi8B/u\nfe6DQXbCj2Kobqj+3grtvvYTaufCaC3Ci2iX28/bL/m9OvbVo40PzELEsvM87nUN\ny49ajtDrSHWNk3IQKEwjkKx29I7BbL6u+4815mesVKioq5jKaxdpq4uKWpHSXnYu\nFea+jClKUaz9KagdDRwikHorSQFEBj3ztdugGTOHcNpbx9Bx5zaxKgO0YIIjvcyb\nWReprouVmS38hQKCAQEA+d/lyLjHLIG/WmnpFjwVboyKKyWIYJi84z5um96eTa0f\n0Ec+x8e1OZrflvik+ERsVlX2XpR+rTVjA68OVBf3iA6vDXwI9jM4VLQTHtxPcHpN\nW23oUFUaXF/klopcxykYxCzW+Za9jPSM3qdJf6ug+n2SaUCpWXepwUeazlDCmCG1\noF+7CLyY/vpmUUgQdBhmtXhEE1LvLhkOJR32HrCf76etz4jBznTeVmneXsRsl3wA\nlR169+5I5yuKNDgiIrgHhh9LDfobzZZYWa8hN9y4KpWsu/Hs2wkrsOfm+bDu4MTV\noeEkMeG0IXgc3C8NthXoouC+NwCY8Txp2pjms5DmLQKCAQB2Ro6UIv35wWE/o0QI\nCCWul0Zj61nSbCWeOjQDgbr8Hv6SRv8eN6CuSZKlSX2Ge+DYJ+TuxY6CrfDsxqvD\nfT7zGWmnkYArdnVzL6V3nRXtYvtkrpfZEuYxypEOCrpfdG17A1fG5z/xQKYcCbBj\n2DhkiD2uAuzE/+RaLfaMgtfWje3T0ggH8vsjquYCHYj4zHxfKqv14cXxKyUXRTy8\nBPhw1Hm9S3hnA1w57FwVDy9qS/hFtDYqmxVOZpmDgGXwENnV4DHBL3V9qh17p8oV\nqPeq4nQIUK54MEcDxbxGJgy8CCYsozMC+ScHYv1rlkL/MFI47G5KSpa++ijYan2G\nc98JAoH/OZZgXuI3BQriDvRZw8YVKmU5crgztg99eOHqnAGyejRsIJRK48AjBCOt\nZB3p503dqgglv6Z5i3HCYBb4NmlPowu/TFxJtHQZh2v4/CPKKyIEsg2ifOEgMinn\nhMpel4fhLVUoNl2HUfUKgkYLqmDjuNc35wn//Z6WgPT/uIzkTCt4sH1fnaPZnuoW\nqqTxJdB521jcV5fFh9o+aE9/aZNLSPBcHnhmMi69Dy1XEoAyhrcNa1BgBsPkCWL/\ndwl41IeVNFQB+DasMbV0pza1cSptR2M3bBlVfSWf7CWGFgWxCBxVH/nDXbumyA/m\nlthBULW7583kCMkadn515utWQAwlAoIBABSdXfZsVOdVam7qTm9/DeJR7OcsMqjG\n3y9q5Zabx6fGZIaiKXicDAcDNf09j5c835iAuz3MmsaO66C9Ux6tctKGTNYKGm93\n63+vB5X+IQ6Pfm+gj3gGpUgTa0m3JUUnnHySa3Iq/dafti3MmZT2Lre8WaYEPPFn\nz5JnSbTWgT6HQAlCKHy7XoMPDkdFeO6xpJlGrHAHXuy7S+S+R6Ox/xL6LDV+2Nvy\nQUTNtR/KZe6ZF57IT1X4cNz8XmwT4Q2d+CeXSJa11AHA4T984M0XTSi/QSaGLKTX\nMPYQtQ3jEMQz6dgRf7d4YBu4AOvVr5UHWeV0O12qv06pHD4jfLTHlJE=\n-----END RSA PRIVATE KEY-----\n",
            "content_base64": null,
            "directory_permission": "0777",
            "file_permission": "0777",
            "filename": "/home/gareki/Documentos/SS/aws/infra/files/publiCiencias.pem",
            "id": "8a8708ae8d0c4bd67316bac333b615ab959a8223",
            "sensitive_content": null,
            "source": null
          },
          "sensitive_attributes": [
            [
              {
                "type": "get_attr",
                "value": "content"
              }
            ]
          ],
          "private": "bnVsbA==",
          "dependencies": [
            "tls_private_key.private_key"
          ]
        }
      ]
    },
    {
      "mode": "managed",
      "type": "tls_private_key",
      "name": "private_key",
      "provider": "provider[\"registry.terraform.io/hashicorp/tls\"]",
      "instances": [
        {
          "schema_version": 0,
          "attributes": {
            "algorithm": "RSA",
            "ecdsa_curve": "P224",
            "id": "6cbc285702eb2fde9394e40f2a1feee19c013b73",
            "private_key_pem": "-----BEGIN RSA PRIVATE KEY-----\nMIIJJQIBAAKCAgEA1u4FYg49w+KJswq8Nz1ciF3OhGT7dm36lxW+bejD5mG2PEfU\nmIQ5MM0q2b9BrLWeRv4RJdSp1xX6NwHwrS8nB0rzKKsRbpCZqCVvYOCFGhzs2oBe\nmRARzxKplBOCC59S1zuQmDRZHqwWVFZ+wAcZFQthdb8vy5T6dtR+AoO3VbOarC7X\nhHq0qjhaB180hJ9ERwpfll2u9pF6tY91uddxTZBGJIkI716oWM0SDR5Bt37DiST/\nt4wCQpkPFpckKs5y3erLYab+LVIQ/EoAOq85N2n9TOyxtQYCi4KiW6ZajUy6A5ev\n1DGTyX8+Tkfs93AqsL9v56rlGbMMh9CKpQ46m9rT01WKC5FKH13gTWQ4erl7FKJ4\n9un+x8JT3ICEdc76kzLtlv26+8p/lt5h0Zjiey7WsosQAh36rhtywAVj5cMYSNm+\nxFHV2Ned+lnC4iQw/cqQXVvyqAoQq1TsJkJNtQtxjjrcP0YHtgmWzbxHbucYttFg\nuJwuUStKK34B7IVbcVtjIxGek9ICUjETJzwmBwY7yE4FDsR6Z78QPbgwXtF2eh3x\nqeW2xSfwvdxCAGkVimdDboVRsZkq97K38WDojf5eYSvo06MxJjpfZD0E+3V9V1Zy\nApBzv2E2ggGbJOwhDpD1nkxjdEuZtqJXIY2Pw3bXKOihsVamRtoZ2EfE4WECAwEA\nAQKCAgBCdnQ/sDu1WVZPgWBWjKkSmj+EfV2tb7DwC49JmZMKqOibl3LMfwbYanl3\nwEbky3zYYzSWSD8E/gzT+cudIlmlTa4Hw26ujBSYBIt+n69JNeygXNXj6y42pIS/\n/5BVW71YRVkfWAC/FWQKTH0BkLBW66AFs0tqXvVczbTxvh1xaQrJd+q5UuCPSsG8\nSdqJsF6CwVhxvSKfqLkTb/ttroug+p5WKfITY2gXncKZP+P+hDqfLEvPTIJeacpa\np/5NJm4q5bJizisHhLsv6QpNG2ZMFoB3yzHg0qzyy0C9qqGR1EopVjzPF02mH6z6\ntA85LPxmj6xhLV2PJukXDovxIodInXPBWVHMP4cBNzveGaAWWfbY5TZ0kAj2yg53\nv7P0PLzlPwF0WqdqQM6Cx6RBGc6t++QJtaEb9XSRaAPcPca3y1mLSByyik8aowUb\nKrDdZSgQkG+8ayfkB/Aywe1hlPS0Y6GAZd+CueVJUPtAmPp0949rwFlsdbuViGuX\nolGmJH9x4lGkmmamtWGDSLm9mxtN8m03vwGbgOaTQbPdQkoumRbgL8DxnNSVNPWd\nBnyhcvbaoKnEiGxneRNAFn5P+pr+Q4cSziDOJ/PcUb0zJv1V4G4wrapcw+17u4YV\nA7VrBdmwaWMYZxIWXrjN5YkrhIxms4kfb8MjsC2zJLPa77MY4QKCAQEA3DLTPJb9\nFPuzvEE+qu4FUGyY6pajB3JV6veYTyof9BZ5+wIPmcVvcLkDs1nN7+yBXDQqOleR\nZ4R0fj6TLaJDWBl1ZZaMrsIehs69+f9BQCm4O/8aIl/YAd4D7nUlPE7PQcMi8B/u\nfe6DQXbCj2Kobqj+3grtvvYTaufCaC3Ci2iX28/bL/m9OvbVo40PzELEsvM87nUN\ny49ajtDrSHWNk3IQKEwjkKx29I7BbL6u+4815mesVKioq5jKaxdpq4uKWpHSXnYu\nFea+jClKUaz9KagdDRwikHorSQFEBj3ztdugGTOHcNpbx9Bx5zaxKgO0YIIjvcyb\nWReprouVmS38hQKCAQEA+d/lyLjHLIG/WmnpFjwVboyKKyWIYJi84z5um96eTa0f\n0Ec+x8e1OZrflvik+ERsVlX2XpR+rTVjA68OVBf3iA6vDXwI9jM4VLQTHtxPcHpN\nW23oUFUaXF/klopcxykYxCzW+Za9jPSM3qdJf6ug+n2SaUCpWXepwUeazlDCmCG1\noF+7CLyY/vpmUUgQdBhmtXhEE1LvLhkOJR32HrCf76etz4jBznTeVmneXsRsl3wA\nlR169+5I5yuKNDgiIrgHhh9LDfobzZZYWa8hN9y4KpWsu/Hs2wkrsOfm+bDu4MTV\noeEkMeG0IXgc3C8NthXoouC+NwCY8Txp2pjms5DmLQKCAQB2Ro6UIv35wWE/o0QI\nCCWul0Zj61nSbCWeOjQDgbr8Hv6SRv8eN6CuSZKlSX2Ge+DYJ+TuxY6CrfDsxqvD\nfT7zGWmnkYArdnVzL6V3nRXtYvtkrpfZEuYxypEOCrpfdG17A1fG5z/xQKYcCbBj\n2DhkiD2uAuzE/+RaLfaMgtfWje3T0ggH8vsjquYCHYj4zHxfKqv14cXxKyUXRTy8\nBPhw1Hm9S3hnA1w57FwVDy9qS/hFtDYqmxVOZpmDgGXwENnV4DHBL3V9qh17p8oV\nqPeq4nQIUK54MEcDxbxGJgy8CCYsozMC+ScHYv1rlkL/MFI47G5KSpa++ijYan2G\nc98JAoH/OZZgXuI3BQriDvRZw8YVKmU5crgztg99eOHqnAGyejRsIJRK48AjBCOt\nZB3p503dqgglv6Z5i3HCYBb4NmlPowu/TFxJtHQZh2v4/CPKKyIEsg2ifOEgMinn\nhMpel4fhLVUoNl2HUfUKgkYLqmDjuNc35wn//Z6WgPT/uIzkTCt4sH1fnaPZnuoW\nqqTxJdB521jcV5fFh9o+aE9/aZNLSPBcHnhmMi69Dy1XEoAyhrcNa1BgBsPkCWL/\ndwl41IeVNFQB+DasMbV0pza1cSptR2M3bBlVfSWf7CWGFgWxCBxVH/nDXbumyA/m\nlthBULW7583kCMkadn515utWQAwlAoIBABSdXfZsVOdVam7qTm9/DeJR7OcsMqjG\n3y9q5Zabx6fGZIaiKXicDAcDNf09j5c835iAuz3MmsaO66C9Ux6tctKGTNYKGm93\n63+vB5X+IQ6Pfm+gj3gGpUgTa0m3JUUnnHySa3Iq/dafti3MmZT2Lre8WaYEPPFn\nz5JnSbTWgT6HQAlCKHy7XoMPDkdFeO6xpJlGrHAHXuy7S+S+R6Ox/xL6LDV+2Nvy\nQUTNtR/KZe6ZF57IT1X4cNz8XmwT4Q2d+CeXSJa11AHA4T984M0XTSi/QSaGLKTX\nMPYQtQ3jEMQz6dgRf7d4YBu4AOvVr5UHWeV0O12qv06pHD4jfLTHlJE=\n-----END RSA PRIVATE KEY-----\n",
            "public_key_fingerprint_md5": "0d:07:3c:00:38:e0:4d:11:6b:56:ea:c7:16:9b:e9:35",
            "public_key_openssh": "ssh-rsa AAAAB3NzaC1yc2EAAAADAQABAAACAQDW7gViDj3D4omzCrw3PVyIXc6EZPt2bfqXFb5t6MPmYbY8R9SYhDkwzSrZv0GstZ5G/hEl1KnXFfo3AfCtLycHSvMoqxFukJmoJW9g4IUaHOzagF6ZEBHPEqmUE4ILn1LXO5CYNFkerBZUVn7ABxkVC2F1vy/LlPp21H4Cg7dVs5qsLteEerSqOFoHXzSEn0RHCl+WXa72kXq1j3W513FNkEYkiQjvXqhYzRINHkG3fsOJJP+3jAJCmQ8WlyQqznLd6sthpv4tUhD8SgA6rzk3af1M7LG1BgKLgqJbplqNTLoDl6/UMZPJfz5OR+z3cCqwv2/nquUZswyH0IqlDjqb2tPTVYoLkUofXeBNZDh6uXsUonj26f7HwlPcgIR1zvqTMu2W/br7yn+W3mHRmOJ7LtayixACHfquG3LABWPlwxhI2b7EUdXY1536WcLiJDD9ypBdW/KoChCrVOwmQk21C3GOOtw/Rge2CZbNvEdu5xi20WC4nC5RK0orfgHshVtxW2MjEZ6T0gJSMRMnPCYHBjvITgUOxHpnvxA9uDBe0XZ6HfGp5bbFJ/C93EIAaRWKZ0NuhVGxmSr3srfxYOiN/l5hK+jTozEmOl9kPQT7dX1XVnICkHO/YTaCAZsk7CEOkPWeTGN0S5m2olchjY/Ddtco6KGxVqZG2hnYR8ThYQ==\n",
            "public_key_pem": "-----BEGIN PUBLIC KEY-----\nMIICIjANBgkqhkiG9w0BAQEFAAOCAg8AMIICCgKCAgEA1u4FYg49w+KJswq8Nz1c\niF3OhGT7dm36lxW+bejD5mG2PEfUmIQ5MM0q2b9BrLWeRv4RJdSp1xX6NwHwrS8n\nB0rzKKsRbpCZqCVvYOCFGhzs2oBemRARzxKplBOCC59S1zuQmDRZHqwWVFZ+wAcZ\nFQthdb8vy5T6dtR+AoO3VbOarC7XhHq0qjhaB180hJ9ERwpfll2u9pF6tY91uddx\nTZBGJIkI716oWM0SDR5Bt37DiST/t4wCQpkPFpckKs5y3erLYab+LVIQ/EoAOq85\nN2n9TOyxtQYCi4KiW6ZajUy6A5ev1DGTyX8+Tkfs93AqsL9v56rlGbMMh9CKpQ46\nm9rT01WKC5FKH13gTWQ4erl7FKJ49un+x8JT3ICEdc76kzLtlv26+8p/lt5h0Zji\ney7WsosQAh36rhtywAVj5cMYSNm+xFHV2Ned+lnC4iQw/cqQXVvyqAoQq1TsJkJN\ntQtxjjrcP0YHtgmWzbxHbucYttFguJwuUStKK34B7IVbcVtjIxGek9ICUjETJzwm\nBwY7yE4FDsR6Z78QPbgwXtF2eh3xqeW2xSfwvdxCAGkVimdDboVRsZkq97K38WDo\njf5eYSvo06MxJjpfZD0E+3V9V1ZyApBzv2E2ggGbJOwhDpD1nkxjdEuZtqJXIY2P\nw3bXKOihsVamRtoZ2EfE4WECAwEAAQ==\n-----END PUBLIC KEY-----\n",
            "rsa_bits": 4096
          },
          "sensitive_attributes": [],
          "private": "bnVsbA=="
        }
      ]
    },
    {
      "module": "module.vpc",
      "mode": "managed",
      "type": "aws_egress_only_internet_gateway",
      "name": "this",
      "provider": "provider[\"registry.terraform.io/hashicorp/aws\"]",
      "instances": [
        {
          "index_key": 0,
          "schema_version": 0,
          "attributes": {
            "id": "eigw-0479a087ca8052a9c",
            "tags": {
              "Environment": "dev",
              "Name": "vpc-redes",
              "Owner": "user"
            },
            "vpc_id": "vpc-06bf7c29b641ccf16"
          },
          "sensitive_attributes": [],
          "private": "bnVsbA==",
          "dependencies": [
            "module.vpc.aws_vpc.this",
            "module.vpc.aws_vpc_ipv4_cidr_block_association.this"
          ]
        }
      ]
    },
    {
      "module": "module.vpc",
      "mode": "managed",
      "type": "aws_eip",
      "name": "nat",
      "provider": "provider[\"registry.terraform.io/hashicorp/aws\"]",
      "instances": [
        {
          "index_key": 0,
          "schema_version": 0,
          "attributes": {
            "allocation_id": null,
            "associate_with_private_ip": null,
            "association_id": "eipassoc-032403d40fa6ecf81",
            "carrier_ip": "",
            "customer_owned_ip": "",
            "customer_owned_ipv4_pool": "",
            "domain": "vpc",
            "id": "eipalloc-0d01d9d2e19567bb3",
            "instance": "",
            "network_border_group": "us-east-1",
            "network_interface": "eni-03cf7b2ad6f568b91",
            "private_dns": "ip-10-0-101-170.ec2.internal",
            "private_ip": "10.0.101.170",
            "public_dns": "ec2-54-196-243-111.compute-1.amazonaws.com",
            "public_ip": "54.196.243.111",
            "public_ipv4_pool": "amazon",
            "tags": {
              "Environment": "dev",
              "Name": "vpc-redes-us-east-1a",
              "Owner": "user"
            },
            "timeouts": null,
            "vpc": true
          },
          "sensitive_attributes": [],
          "private": "eyJlMmJmYjczMC1lY2FhLTExZTYtOGY4OC0zNDM2M2JjN2M0YzAiOnsiZGVsZXRlIjoxODAwMDAwMDAwMDAsInJlYWQiOjkwMDAwMDAwMDAwMCwidXBkYXRlIjozMDAwMDAwMDAwMDB9fQ=="
        }
      ]
    },
    {
      "module": "module.vpc",
      "mode": "managed",
      "type": "aws_internet_gateway",
      "name": "this",
      "provider": "provider[\"registry.terraform.io/hashicorp/aws\"]",
      "instances": [
        {
          "index_key": 0,
          "schema_version": 0,
          "attributes": {
            "arn": "arn:aws:ec2:us-east-1:541026056130:internet-gateway/igw-019eeb71a74145371",
            "id": "igw-019eeb71a74145371",
            "owner_id": "541026056130",
            "tags": {
              "Environment": "dev",
              "Name": "vpc-redes",
              "Owner": "user"
            },
            "vpc_id": "vpc-06bf7c29b641ccf16"
          },
          "sensitive_attributes": [],
          "private": "bnVsbA==",
          "dependencies": [
            "module.vpc.aws_vpc.this",
            "module.vpc.aws_vpc_ipv4_cidr_block_association.this"
          ]
        }
      ]
    },
    {
      "module": "module.vpc",
      "mode": "managed",
      "type": "aws_nat_gateway",
      "name": "this",
      "provider": "provider[\"registry.terraform.io/hashicorp/aws\"]",
      "instances": [
        {
          "index_key": 0,
          "schema_version": 0,
          "attributes": {
            "allocation_id": "eipalloc-0d01d9d2e19567bb3",
            "id": "nat-09f7c6169c7b78ab6",
            "network_interface_id": "eni-03cf7b2ad6f568b91",
            "private_ip": "10.0.101.170",
            "public_ip": "54.196.243.111",
            "subnet_id": "subnet-0470f05648c9be140",
            "tags": {
              "Environment": "dev",
              "Name": "vpc-redes-us-east-1a",
              "Owner": "user"
            }
          },
          "sensitive_attributes": [],
          "private": "bnVsbA==",
          "dependencies": [
            "module.vpc.aws_vpc.this",
            "module.vpc.aws_vpc_ipv4_cidr_block_association.this",
            "module.vpc.aws_eip.nat",
            "module.vpc.aws_internet_gateway.this",
            "module.vpc.aws_subnet.public"
          ]
        }
      ]
    },
    {
      "module": "module.vpc",
      "mode": "managed",
      "type": "aws_route",
      "name": "private_ipv6_egress",
      "provider": "provider[\"registry.terraform.io/hashicorp/aws\"]",
      "instances": [
        {
          "index_key": 0,
          "schema_version": 0,
          "attributes": {
            "destination_cidr_block": "",
            "destination_ipv6_cidr_block": "::/0",
            "destination_prefix_list_id": "",
            "egress_only_gateway_id": "eigw-0479a087ca8052a9c",
            "gateway_id": "",
            "id": "r-rtb-05c1c5838f9de77a92750132062",
            "instance_id": "",
            "instance_owner_id": "",
            "local_gateway_id": "",
            "nat_gateway_id": "",
            "network_interface_id": "",
            "origin": "CreateRoute",
            "route_table_id": "rtb-05c1c5838f9de77a9",
            "state": "active",
            "timeouts": null,
            "transit_gateway_id": "",
            "vpc_endpoint_id": null,
            "vpc_peering_connection_id": ""
          },
          "sensitive_attributes": [],
          "private": "eyJlMmJmYjczMC1lY2FhLTExZTYtOGY4OC0zNDM2M2JjN2M0YzAiOnsiY3JlYXRlIjoxMjAwMDAwMDAwMDAsImRlbGV0ZSI6MzAwMDAwMDAwMDAwfX0=",
          "dependencies": [
            "module.vpc.aws_egress_only_internet_gateway.this",
            "module.vpc.aws_route_table.private",
            "module.vpc.aws_vpc.this",
            "module.vpc.aws_vpc_ipv4_cidr_block_association.this"
          ]
        },
        {
          "index_key": 1,
          "schema_version": 0,
          "attributes": {
            "destination_cidr_block": "",
            "destination_ipv6_cidr_block": "::/0",
            "destination_prefix_list_id": "",
            "egress_only_gateway_id": "eigw-0479a087ca8052a9c",
            "gateway_id": "",
            "id": "r-rtb-05c1c5838f9de77a92750132062",
            "instance_id": "",
            "instance_owner_id": "",
            "local_gateway_id": "",
            "nat_gateway_id": "",
            "network_interface_id": "",
            "origin": "CreateRoute",
            "route_table_id": "rtb-05c1c5838f9de77a9",
            "state": "active",
            "timeouts": null,
            "transit_gateway_id": "",
            "vpc_endpoint_id": null,
            "vpc_peering_connection_id": ""
          },
          "sensitive_attributes": [],
          "private": "eyJlMmJmYjczMC1lY2FhLTExZTYtOGY4OC0zNDM2M2JjN2M0YzAiOnsiY3JlYXRlIjoxMjAwMDAwMDAwMDAsImRlbGV0ZSI6MzAwMDAwMDAwMDAwfX0=",
          "dependencies": [
            "module.vpc.aws_egress_only_internet_gateway.this",
            "module.vpc.aws_route_table.private",
            "module.vpc.aws_vpc.this",
            "module.vpc.aws_vpc_ipv4_cidr_block_association.this"
          ]
        }
      ]
    },
    {
      "module": "module.vpc",
      "mode": "managed",
      "type": "aws_route",
      "name": "private_nat_gateway",
      "provider": "provider[\"registry.terraform.io/hashicorp/aws\"]",
      "instances": [
        {
          "index_key": 0,
          "schema_version": 0,
          "attributes": {
            "destination_cidr_block": "0.0.0.0/0",
            "destination_ipv6_cidr_block": "",
            "destination_prefix_list_id": "",
            "egress_only_gateway_id": "",
            "gateway_id": "",
            "id": "r-rtb-05c1c5838f9de77a91080289494",
            "instance_id": "",
            "instance_owner_id": "",
            "local_gateway_id": "",
            "nat_gateway_id": "nat-09f7c6169c7b78ab6",
            "network_interface_id": "",
            "origin": "CreateRoute",
            "route_table_id": "rtb-05c1c5838f9de77a9",
            "state": "active",
            "timeouts": {
              "create": "5m",
              "delete": null
            },
            "transit_gateway_id": "",
            "vpc_endpoint_id": null,
            "vpc_peering_connection_id": ""
          },
          "sensitive_attributes": [],
          "private": "eyJlMmJmYjczMC1lY2FhLTExZTYtOGY4OC0zNDM2M2JjN2M0YzAiOnsiY3JlYXRlIjozMDAwMDAwMDAwMDAsImRlbGV0ZSI6MzAwMDAwMDAwMDAwfX0=",
          "dependencies": [
            "module.vpc.aws_eip.nat",
            "module.vpc.aws_internet_gateway.this",
            "module.vpc.aws_nat_gateway.this",
            "module.vpc.aws_route_table.private",
            "module.vpc.aws_subnet.public",
            "module.vpc.aws_vpc.this",
            "module.vpc.aws_vpc_ipv4_cidr_block_association.this"
          ]
        }
      ]
    },
    {
      "module": "module.vpc",
      "mode": "managed",
      "type": "aws_route",
      "name": "public_internet_gateway",
      "provider": "provider[\"registry.terraform.io/hashicorp/aws\"]",
      "instances": [
        {
          "index_key": 0,
          "schema_version": 0,
          "attributes": {
            "destination_cidr_block": "0.0.0.0/0",
            "destination_ipv6_cidr_block": "",
            "destination_prefix_list_id": "",
            "egress_only_gateway_id": "",
            "gateway_id": "igw-019eeb71a74145371",
            "id": "r-rtb-045056e1c7cd7fab11080289494",
            "instance_id": "",
            "instance_owner_id": "",
            "local_gateway_id": "",
            "nat_gateway_id": "",
            "network_interface_id": "",
            "origin": "CreateRoute",
            "route_table_id": "rtb-045056e1c7cd7fab1",
            "state": "active",
            "timeouts": {
              "create": "5m",
              "delete": null
            },
            "transit_gateway_id": "",
            "vpc_endpoint_id": null,
            "vpc_peering_connection_id": ""
          },
          "sensitive_attributes": [],
          "private": "eyJlMmJmYjczMC1lY2FhLTExZTYtOGY4OC0zNDM2M2JjN2M0YzAiOnsiY3JlYXRlIjozMDAwMDAwMDAwMDAsImRlbGV0ZSI6MzAwMDAwMDAwMDAwfX0=",
          "dependencies": [
            "module.vpc.aws_internet_gateway.this",
            "module.vpc.aws_route_table.public",
            "module.vpc.aws_vpc.this",
            "module.vpc.aws_vpc_ipv4_cidr_block_association.this"
          ]
        }
      ]
    },
    {
      "module": "module.vpc",
      "mode": "managed",
      "type": "aws_route",
      "name": "public_internet_gateway_ipv6",
      "provider": "provider[\"registry.terraform.io/hashicorp/aws\"]",
      "instances": [
        {
          "index_key": 0,
          "schema_version": 0,
          "attributes": {
            "destination_cidr_block": "",
            "destination_ipv6_cidr_block": "::/0",
            "destination_prefix_list_id": "",
            "egress_only_gateway_id": "",
            "gateway_id": "igw-019eeb71a74145371",
            "id": "r-rtb-045056e1c7cd7fab12750132062",
            "instance_id": "",
            "instance_owner_id": "",
            "local_gateway_id": "",
            "nat_gateway_id": "",
            "network_interface_id": "",
            "origin": "CreateRoute",
            "route_table_id": "rtb-045056e1c7cd7fab1",
            "state": "active",
            "timeouts": null,
            "transit_gateway_id": "",
            "vpc_endpoint_id": null,
            "vpc_peering_connection_id": ""
          },
          "sensitive_attributes": [],
          "private": "eyJlMmJmYjczMC1lY2FhLTExZTYtOGY4OC0zNDM2M2JjN2M0YzAiOnsiY3JlYXRlIjoxMjAwMDAwMDAwMDAsImRlbGV0ZSI6MzAwMDAwMDAwMDAwfX0=",
          "dependencies": [
            "module.vpc.aws_internet_gateway.this",
            "module.vpc.aws_route_table.public",
            "module.vpc.aws_vpc.this",
            "module.vpc.aws_vpc_ipv4_cidr_block_association.this"
          ]
        }
      ]
    },
    {
      "module": "module.vpc",
      "mode": "managed",
      "type": "aws_route_table",
      "name": "private",
      "provider": "provider[\"registry.terraform.io/hashicorp/aws\"]",
      "instances": [
        {
          "index_key": 0,
          "schema_version": 0,
          "attributes": {
            "id": "rtb-05c1c5838f9de77a9",
            "owner_id": "541026056130",
            "propagating_vgws": [],
            "route": [
              {
                "cidr_block": "",
                "egress_only_gateway_id": "eigw-0479a087ca8052a9c",
                "gateway_id": "",
                "instance_id": "",
                "ipv6_cidr_block": "::/0",
                "local_gateway_id": "",
                "nat_gateway_id": "",
                "network_interface_id": "",
                "transit_gateway_id": "",
                "vpc_endpoint_id": "",
                "vpc_peering_connection_id": ""
              },
              {
                "cidr_block": "0.0.0.0/0",
                "egress_only_gateway_id": "",
                "gateway_id": "",
                "instance_id": "",
                "ipv6_cidr_block": "",
                "local_gateway_id": "",
                "nat_gateway_id": "nat-09f7c6169c7b78ab6",
                "network_interface_id": "",
                "transit_gateway_id": "",
                "vpc_endpoint_id": "",
                "vpc_peering_connection_id": ""
              }
            ],
            "tags": {
              "Environment": "dev",
              "Name": "vpc-redes-private",
              "Owner": "user"
            },
            "vpc_id": "vpc-06bf7c29b641ccf16"
          },
          "sensitive_attributes": [],
          "private": "bnVsbA==",
          "dependencies": [
            "module.vpc.aws_vpc.this",
            "module.vpc.aws_vpc_ipv4_cidr_block_association.this"
          ]
        }
      ]
    },
    {
      "module": "module.vpc",
      "mode": "managed",
      "type": "aws_route_table",
      "name": "public",
      "provider": "provider[\"registry.terraform.io/hashicorp/aws\"]",
      "instances": [
        {
          "index_key": 0,
          "schema_version": 0,
          "attributes": {
            "id": "rtb-045056e1c7cd7fab1",
            "owner_id": "541026056130",
            "propagating_vgws": [],
            "route": [
              {
                "cidr_block": "",
                "egress_only_gateway_id": "",
                "gateway_id": "igw-019eeb71a74145371",
                "instance_id": "",
                "ipv6_cidr_block": "::/0",
                "local_gateway_id": "",
                "nat_gateway_id": "",
                "network_interface_id": "",
                "transit_gateway_id": "",
                "vpc_endpoint_id": "",
                "vpc_peering_connection_id": ""
              },
              {
                "cidr_block": "0.0.0.0/0",
                "egress_only_gateway_id": "",
                "gateway_id": "igw-019eeb71a74145371",
                "instance_id": "",
                "ipv6_cidr_block": "",
                "local_gateway_id": "",
                "nat_gateway_id": "",
                "network_interface_id": "",
                "transit_gateway_id": "",
                "vpc_endpoint_id": "",
                "vpc_peering_connection_id": ""
              }
            ],
            "tags": {
              "Environment": "dev",
              "Name": "vpc-redes-public",
              "Owner": "user"
            },
            "vpc_id": "vpc-06bf7c29b641ccf16"
          },
          "sensitive_attributes": [],
          "private": "bnVsbA==",
          "dependencies": [
            "module.vpc.aws_vpc_ipv4_cidr_block_association.this",
            "module.vpc.aws_vpc.this"
          ]
        }
      ]
    },
    {
      "module": "module.vpc",
      "mode": "managed",
      "type": "aws_route_table_association",
      "name": "private",
      "provider": "provider[\"registry.terraform.io/hashicorp/aws\"]",
      "instances": [
        {
          "index_key": 0,
          "schema_version": 0,
          "attributes": {
            "gateway_id": null,
            "id": "rtbassoc-044b977f8d4557caa",
            "route_table_id": "rtb-05c1c5838f9de77a9",
            "subnet_id": "subnet-0bf2c8bd12dd11e66"
          },
          "sensitive_attributes": [],
          "private": "bnVsbA==",
          "dependencies": [
            "module.vpc.aws_vpc.this",
            "module.vpc.aws_vpc_ipv4_cidr_block_association.this",
            "module.vpc.aws_route_table.private",
            "module.vpc.aws_subnet.private"
          ]
        },
        {
          "index_key": 1,
          "schema_version": 0,
          "attributes": {
            "gateway_id": null,
            "id": "rtbassoc-08d7f2b175d8ccd5f",
            "route_table_id": "rtb-05c1c5838f9de77a9",
            "subnet_id": "subnet-0a73fe09979b5b5cf"
          },
          "sensitive_attributes": [],
          "private": "bnVsbA==",
          "dependencies": [
            "module.vpc.aws_route_table.private",
            "module.vpc.aws_subnet.private",
            "module.vpc.aws_vpc.this",
            "module.vpc.aws_vpc_ipv4_cidr_block_association.this"
          ]
        }
      ]
    },
    {
      "module": "module.vpc",
      "mode": "managed",
      "type": "aws_route_table_association",
      "name": "public",
      "provider": "provider[\"registry.terraform.io/hashicorp/aws\"]",
      "instances": [
        {
          "index_key": 0,
          "schema_version": 0,
          "attributes": {
            "gateway_id": null,
            "id": "rtbassoc-0ad9b6b0447c92252",
            "route_table_id": "rtb-045056e1c7cd7fab1",
            "subnet_id": "subnet-0470f05648c9be140"
          },
          "sensitive_attributes": [],
          "private": "bnVsbA==",
          "dependencies": [
            "module.vpc.aws_route_table.public",
            "module.vpc.aws_subnet.public",
            "module.vpc.aws_vpc.this",
            "module.vpc.aws_vpc_ipv4_cidr_block_association.this"
          ]
        },
        {
          "index_key": 1,
          "schema_version": 0,
          "attributes": {
            "gateway_id": null,
            "id": "rtbassoc-005e741ac023a6e09",
            "route_table_id": "rtb-045056e1c7cd7fab1",
            "subnet_id": "subnet-00d1e3d1c043a1d50"
          },
          "sensitive_attributes": [],
          "private": "bnVsbA==",
          "dependencies": [
            "module.vpc.aws_vpc_ipv4_cidr_block_association.this",
            "module.vpc.aws_route_table.public",
            "module.vpc.aws_subnet.public",
            "module.vpc.aws_vpc.this"
          ]
        }
      ]
    },
    {
      "module": "module.vpc",
      "mode": "managed",
      "type": "aws_subnet",
      "name": "private",
      "provider": "provider[\"registry.terraform.io/hashicorp/aws\"]",
      "instances": [
        {
          "index_key": 0,
          "schema_version": 1,
          "attributes": {
            "arn": "arn:aws:ec2:us-east-1:541026056130:subnet/subnet-0bf2c8bd12dd11e66",
            "assign_ipv6_address_on_creation": false,
            "availability_zone": "us-east-1a",
            "availability_zone_id": "use1-az4",
            "cidr_block": "10.0.1.0/24",
            "customer_owned_ipv4_pool": "",
            "id": "subnet-0bf2c8bd12dd11e66",
            "ipv6_cidr_block": "2600:1f18:1b20:c202::/64",
            "ipv6_cidr_block_association_id": "subnet-cidr-assoc-0b09e4dc7009d6c9e",
            "map_customer_owned_ip_on_launch": false,
            "map_public_ip_on_launch": false,
            "outpost_arn": "",
            "owner_id": "541026056130",
            "tags": {
              "Environment": "dev",
              "Name": "vpc-redes-private-us-east-1a",
              "Owner": "user"
            },
            "timeouts": null,
            "vpc_id": "vpc-06bf7c29b641ccf16"
          },
          "sensitive_attributes": [],
          "private": "eyJlMmJmYjczMC1lY2FhLTExZTYtOGY4OC0zNDM2M2JjN2M0YzAiOnsiY3JlYXRlIjo2MDAwMDAwMDAwMDAsImRlbGV0ZSI6MTIwMDAwMDAwMDAwMH0sInNjaGVtYV92ZXJzaW9uIjoiMSJ9",
          "dependencies": [
            "module.vpc.aws_vpc.this",
            "module.vpc.aws_vpc_ipv4_cidr_block_association.this"
          ]
        },
        {
          "index_key": 1,
          "schema_version": 1,
          "attributes": {
            "arn": "arn:aws:ec2:us-east-1:541026056130:subnet/subnet-0a73fe09979b5b5cf",
            "assign_ipv6_address_on_creation": false,
            "availability_zone": "us-east-1b",
            "availability_zone_id": "use1-az6",
            "cidr_block": "10.0.2.0/24",
            "customer_owned_ipv4_pool": "",
            "id": "subnet-0a73fe09979b5b5cf",
            "ipv6_cidr_block": "2600:1f18:1b20:c203::/64",
            "ipv6_cidr_block_association_id": "subnet-cidr-assoc-03ba616c1205e7a46",
            "map_customer_owned_ip_on_launch": false,
            "map_public_ip_on_launch": false,
            "outpost_arn": "",
            "owner_id": "541026056130",
            "tags": {
              "Environment": "dev",
              "Name": "vpc-redes-private-us-east-1b",
              "Owner": "user"
            },
            "timeouts": null,
            "vpc_id": "vpc-06bf7c29b641ccf16"
          },
          "sensitive_attributes": [],
          "private": "eyJlMmJmYjczMC1lY2FhLTExZTYtOGY4OC0zNDM2M2JjN2M0YzAiOnsiY3JlYXRlIjo2MDAwMDAwMDAwMDAsImRlbGV0ZSI6MTIwMDAwMDAwMDAwMH0sInNjaGVtYV92ZXJzaW9uIjoiMSJ9",
          "dependencies": [
            "module.vpc.aws_vpc.this",
            "module.vpc.aws_vpc_ipv4_cidr_block_association.this"
          ]
        }
      ]
    },
    {
      "module": "module.vpc",
      "mode": "managed",
      "type": "aws_subnet",
      "name": "public",
      "provider": "provider[\"registry.terraform.io/hashicorp/aws\"]",
      "instances": [
        {
          "index_key": 0,
          "schema_version": 1,
          "attributes": {
            "arn": "arn:aws:ec2:us-east-1:541026056130:subnet/subnet-0470f05648c9be140",
            "assign_ipv6_address_on_creation": true,
            "availability_zone": "us-east-1a",
            "availability_zone_id": "use1-az4",
            "cidr_block": "10.0.101.0/24",
            "customer_owned_ipv4_pool": "",
            "id": "subnet-0470f05648c9be140",
            "ipv6_cidr_block": "2600:1f18:1b20:c200::/64",
            "ipv6_cidr_block_association_id": "subnet-cidr-assoc-03c884f70f99fa1aa",
            "map_customer_owned_ip_on_launch": false,
            "map_public_ip_on_launch": true,
            "outpost_arn": "",
            "owner_id": "541026056130",
            "tags": {
              "Environment": "dev",
              "Name": "vpc-redes-public-us-east-1a",
              "Owner": "user"
            },
            "timeouts": null,
            "vpc_id": "vpc-06bf7c29b641ccf16"
          },
          "sensitive_attributes": [],
          "private": "eyJlMmJmYjczMC1lY2FhLTExZTYtOGY4OC0zNDM2M2JjN2M0YzAiOnsiY3JlYXRlIjo2MDAwMDAwMDAwMDAsImRlbGV0ZSI6MTIwMDAwMDAwMDAwMH0sInNjaGVtYV92ZXJzaW9uIjoiMSJ9",
          "dependencies": [
            "module.vpc.aws_vpc.this",
            "module.vpc.aws_vpc_ipv4_cidr_block_association.this"
          ]
        },
        {
          "index_key": 1,
          "schema_version": 1,
          "attributes": {
            "arn": "arn:aws:ec2:us-east-1:541026056130:subnet/subnet-00d1e3d1c043a1d50",
            "assign_ipv6_address_on_creation": true,
            "availability_zone": "us-east-1b",
            "availability_zone_id": "use1-az6",
            "cidr_block": "10.0.102.0/24",
            "customer_owned_ipv4_pool": "",
            "id": "subnet-00d1e3d1c043a1d50",
            "ipv6_cidr_block": "2600:1f18:1b20:c201::/64",
            "ipv6_cidr_block_association_id": "subnet-cidr-assoc-0b2a24862be25e8e5",
            "map_customer_owned_ip_on_launch": false,
            "map_public_ip_on_launch": true,
            "outpost_arn": "",
            "owner_id": "541026056130",
            "tags": {
              "Environment": "dev",
              "Name": "vpc-redes-public-us-east-1b",
              "Owner": "user"
            },
            "timeouts": null,
            "vpc_id": "vpc-06bf7c29b641ccf16"
          },
          "sensitive_attributes": [],
          "private": "eyJlMmJmYjczMC1lY2FhLTExZTYtOGY4OC0zNDM2M2JjN2M0YzAiOnsiY3JlYXRlIjo2MDAwMDAwMDAwMDAsImRlbGV0ZSI6MTIwMDAwMDAwMDAwMH0sInNjaGVtYV92ZXJzaW9uIjoiMSJ9",
          "dependencies": [
            "module.vpc.aws_vpc.this",
            "module.vpc.aws_vpc_ipv4_cidr_block_association.this"
          ]
        }
      ]
    },
    {
      "module": "module.vpc",
      "mode": "managed",
      "type": "aws_vpc",
      "name": "this",
      "provider": "provider[\"registry.terraform.io/hashicorp/aws\"]",
      "instances": [
        {
          "index_key": 0,
          "schema_version": 1,
          "attributes": {
            "arn": "arn:aws:ec2:us-east-1:541026056130:vpc/vpc-06bf7c29b641ccf16",
            "assign_generated_ipv6_cidr_block": true,
            "cidr_block": "10.0.0.0/16",
            "default_network_acl_id": "acl-04fb8df6bc10b981f",
            "default_route_table_id": "rtb-0c6964359baa1a7f1",
            "default_security_group_id": "sg-0039d3a479d570ed0",
            "dhcp_options_id": "dopt-ca4312b0",
            "enable_classiclink": false,
            "enable_classiclink_dns_support": false,
            "enable_dns_hostnames": true,
            "enable_dns_support": true,
            "id": "vpc-06bf7c29b641ccf16",
            "instance_tenancy": "default",
            "ipv6_association_id": "vpc-cidr-assoc-053cad5d9558ed28f",
            "ipv6_cidr_block": "2600:1f18:1b20:c200::/56",
            "main_route_table_id": "rtb-0c6964359baa1a7f1",
            "owner_id": "541026056130",
            "tags": {
              "Environment": "dev",
              "Name": "vpc-redes",
              "Owner": "user"
            }
          },
          "sensitive_attributes": [],
          "private": "eyJzY2hlbWFfdmVyc2lvbiI6IjEifQ=="
        }
      ]
    }
  ]
}
